// !$*UTF8*$!
{
	archiveVersion = 1;
	classes = {
	};
	objectVersion = 50;
	objects = {

/* Begin PBXBuildFile section */
		175718812503B1DA00EF1241 /* AppDelegate.swift in Sources */ = {isa = PBXBuildFile; fileRef = 175718802503B1DA00EF1241 /* AppDelegate.swift */; };
		175718832503B1DA00EF1241 /* SceneDelegate.swift in Sources */ = {isa = PBXBuildFile; fileRef = 175718822503B1DA00EF1241 /* SceneDelegate.swift */; };
		175718852503B1DA00EF1241 /* ContentView.swift in Sources */ = {isa = PBXBuildFile; fileRef = 175718842503B1DA00EF1241 /* ContentView.swift */; };
		1757188A2503B1DA00EF1241 /* Preview Assets.xcassets in Resources */ = {isa = PBXBuildFile; fileRef = 175718892503B1DA00EF1241 /* Preview Assets.xcassets */; };
		1757188D2503B1DA00EF1241 /* LaunchScreen.storyboard in Resources */ = {isa = PBXBuildFile; fileRef = 1757188B2503B1DA00EF1241 /* LaunchScreen.storyboard */; };
		1757189F2503B31100EF1241 /* StyleGuideTypography.swift in Sources */ = {isa = PBXBuildFile; fileRef = 175718982503B31100EF1241 /* StyleGuideTypography.swift */; };
		175718A02503B31100EF1241 /* StyleGuideCard.swift in Sources */ = {isa = PBXBuildFile; fileRef = 175718992503B31100EF1241 /* StyleGuideCard.swift */; };
		175718A12503B31100EF1241 /* StyleGuideButtons.swift in Sources */ = {isa = PBXBuildFile; fileRef = 1757189A2503B31100EF1241 /* StyleGuideButtons.swift */; };
		175718A22503B31100EF1241 /* StyleGuideToggle.swift in Sources */ = {isa = PBXBuildFile; fileRef = 1757189B2503B31100EF1241 /* StyleGuideToggle.swift */; };
		175718A32503B31100EF1241 /* StyleGuideShadows.swift in Sources */ = {isa = PBXBuildFile; fileRef = 1757189C2503B31100EF1241 /* StyleGuideShadows.swift */; };
		175718A42503B31100EF1241 /* StyleGuideColors.swift in Sources */ = {isa = PBXBuildFile; fileRef = 1757189D2503B31100EF1241 /* StyleGuideColors.swift */; };
		175718A52503B31100EF1241 /* StyleGuideView.swift in Sources */ = {isa = PBXBuildFile; fileRef = 1757189E2503B31100EF1241 /* StyleGuideView.swift */; };
/* End PBXBuildFile section */

/* Begin PBXFileReference section */
		1757187D2503B1DA00EF1241 /* SoundDesignProject.app */ = {isa = PBXFileReference; explicitFileType = wrapper.application; includeInIndex = 0; path = SoundDesignProject.app; sourceTree = BUILT_PRODUCTS_DIR; };
		175718802503B1DA00EF1241 /* AppDelegate.swift */ = {isa = PBXFileReference; lastKnownFileType = sourcecode.swift; path = AppDelegate.swift; sourceTree = "<group>"; };
		175718822503B1DA00EF1241 /* SceneDelegate.swift */ = {isa = PBXFileReference; lastKnownFileType = sourcecode.swift; path = SceneDelegate.swift; sourceTree = "<group>"; };
		175718842503B1DA00EF1241 /* ContentView.swift */ = {isa = PBXFileReference; lastKnownFileType = sourcecode.swift; path = ContentView.swift; sourceTree = "<group>"; };
		175718892503B1DA00EF1241 /* Preview Assets.xcassets */ = {isa = PBXFileReference; lastKnownFileType = folder.assetcatalog; path = "Preview Assets.xcassets"; sourceTree = "<group>"; };
		1757188C2503B1DA00EF1241 /* Base */ = {isa = PBXFileReference; lastKnownFileType = file.storyboard; name = Base; path = Base.lproj/LaunchScreen.storyboard; sourceTree = "<group>"; };
		1757188E2503B1DA00EF1241 /* Info.plist */ = {isa = PBXFileReference; lastKnownFileType = text.plist.xml; path = Info.plist; sourceTree = "<group>"; };
		175718982503B31100EF1241 /* StyleGuideTypography.swift */ = {isa = PBXFileReference; fileEncoding = 4; lastKnownFileType = sourcecode.swift; path = StyleGuideTypography.swift; sourceTree = "<group>"; };
		175718992503B31100EF1241 /* StyleGuideCard.swift */ = {isa = PBXFileReference; fileEncoding = 4; lastKnownFileType = sourcecode.swift; path = StyleGuideCard.swift; sourceTree = "<group>"; };
		1757189A2503B31100EF1241 /* StyleGuideButtons.swift */ = {isa = PBXFileReference; fileEncoding = 4; lastKnownFileType = sourcecode.swift; path = StyleGuideButtons.swift; sourceTree = "<group>"; };
		1757189B2503B31100EF1241 /* StyleGuideToggle.swift */ = {isa = PBXFileReference; fileEncoding = 4; lastKnownFileType = sourcecode.swift; path = StyleGuideToggle.swift; sourceTree = "<group>"; };
		1757189C2503B31100EF1241 /* StyleGuideShadows.swift */ = {isa = PBXFileReference; fileEncoding = 4; lastKnownFileType = sourcecode.swift; path = StyleGuideShadows.swift; sourceTree = "<group>"; };
		1757189D2503B31100EF1241 /* StyleGuideColors.swift */ = {isa = PBXFileReference; fileEncoding = 4; lastKnownFileType = sourcecode.swift; path = StyleGuideColors.swift; sourceTree = "<group>"; };
		1757189E2503B31100EF1241 /* StyleGuideView.swift */ = {isa = PBXFileReference; fileEncoding = 4; lastKnownFileType = sourcecode.swift; path = StyleGuideView.swift; sourceTree = "<group>"; };
/* End PBXFileReference section */

/* Begin PBXFrameworksBuildPhase section */
		1757187A2503B1DA00EF1241 /* Frameworks */ = {
			isa = PBXFrameworksBuildPhase;
			buildActionMask = 2147483647;
			files = (
			);
			runOnlyForDeploymentPostprocessing = 0;
		};
/* End PBXFrameworksBuildPhase section */

/* Begin PBXGroup section */
		175718742503B1DA00EF1241 = {
			isa = PBXGroup;
			children = (
				1757187F2503B1DA00EF1241 /* SoundDesignProject */,
				1757187E2503B1DA00EF1241 /* Products */,
			);
			sourceTree = "<group>";
		};
		1757187E2503B1DA00EF1241 /* Products */ = {
			isa = PBXGroup;
			children = (
				1757187D2503B1DA00EF1241 /* SoundDesignProject.app */,
			);
			name = Products;
			sourceTree = "<group>";
		};
		1757187F2503B1DA00EF1241 /* SoundDesignProject */ = {
			isa = PBXGroup;
			children = (
				175718802503B1DA00EF1241 /* AppDelegate.swift */,
				175718822503B1DA00EF1241 /* SceneDelegate.swift */,
				175718842503B1DA00EF1241 /* ContentView.swift */,
				175718952503B2E700EF1241 /* use cases */,
				175718942503B2DB00EF1241 /* helper */,
				175718962503B2F400EF1241 /* assets */,
				1757188B2503B1DA00EF1241 /* LaunchScreen.storyboard */,
				1757188E2503B1DA00EF1241 /* Info.plist */,
				175718882503B1DA00EF1241 /* Preview Content */,
			);
			path = SoundDesignProject;
			sourceTree = "<group>";
		};
		175718882503B1DA00EF1241 /* Preview Content */ = {
			isa = PBXGroup;
			children = (
				175718892503B1DA00EF1241 /* Preview Assets.xcassets */,
			);
			path = "Preview Content";
			sourceTree = "<group>";
		};
		175718942503B2DB00EF1241 /* helper */ = {
			isa = PBXGroup;
			children = (
				175718972503B30800EF1241 /* style guide */,
			);
			path = helper;
			sourceTree = "<group>";
		};
		175718952503B2E700EF1241 /* use cases */ = {
			isa = PBXGroup;
			children = (
			);
			path = "use cases";
			sourceTree = "<group>";
		};
		175718962503B2F400EF1241 /* assets */ = {
			isa = PBXGroup;
			children = (
			);
			path = assets;
			sourceTree = "<group>";
		};
		175718972503B30800EF1241 /* style guide */ = {
			isa = PBXGroup;
			children = (
				1757189A2503B31100EF1241 /* StyleGuideButtons.swift */,
				175718992503B31100EF1241 /* StyleGuideCard.swift */,
				1757189D2503B31100EF1241 /* StyleGuideColors.swift */,
				1757189C2503B31100EF1241 /* StyleGuideShadows.swift */,
				1757189B2503B31100EF1241 /* StyleGuideToggle.swift */,
				175718982503B31100EF1241 /* StyleGuideTypography.swift */,
				1757189E2503B31100EF1241 /* StyleGuideView.swift */,
			);
			path = "style guide";
			sourceTree = "<group>";
		};
/* End PBXGroup section */

/* Begin PBXNativeTarget section */
		1757187C2503B1DA00EF1241 /* SoundDesignProject */ = {
			isa = PBXNativeTarget;
			buildConfigurationList = 175718912503B1DA00EF1241 /* Build configuration list for PBXNativeTarget "SoundDesignProject" */;
			buildPhases = (
				175718792503B1DA00EF1241 /* Sources */,
				1757187A2503B1DA00EF1241 /* Frameworks */,
				1757187B2503B1DA00EF1241 /* Resources */,
			);
			buildRules = (
			);
			dependencies = (
			);
			name = SoundDesignProject;
			productName = SoundDesignProject;
			productReference = 1757187D2503B1DA00EF1241 /* SoundDesignProject.app */;
			productType = "com.apple.product-type.application";
		};
/* End PBXNativeTarget section */

/* Begin PBXProject section */
		175718752503B1DA00EF1241 /* Project object */ = {
			isa = PBXProject;
			attributes = {
				LastSwiftUpdateCheck = 1160;
				LastUpgradeCheck = 1160;
				ORGANIZATIONNAME = "Karin Prater";
				TargetAttributes = {
					1757187C2503B1DA00EF1241 = {
						CreatedOnToolsVersion = 11.6;
					};
				};
			};
			buildConfigurationList = 175718782503B1DA00EF1241 /* Build configuration list for PBXProject "SoundDesignProject" */;
			compatibilityVersion = "Xcode 9.3";
			developmentRegion = en;
			hasScannedForEncodings = 0;
			knownRegions = (
				en,
				Base,
			);
			mainGroup = 175718742503B1DA00EF1241;
			productRefGroup = 1757187E2503B1DA00EF1241 /* Products */;
			projectDirPath = "";
			projectRoot = "";
			targets = (
				1757187C2503B1DA00EF1241 /* SoundDesignProject */,
			);
		};
/* End PBXProject section */

/* Begin PBXResourcesBuildPhase section */
		1757187B2503B1DA00EF1241 /* Resources */ = {
			isa = PBXResourcesBuildPhase;
			buildActionMask = 2147483647;
			files = (
				1757188D2503B1DA00EF1241 /* LaunchScreen.storyboard in Resources */,
				1757188A2503B1DA00EF1241 /* Preview Assets.xcassets in Resources */,
			);
			runOnlyForDeploymentPostprocessing = 0;
		};
/* End PBXResourcesBuildPhase section */

/* Begin PBXSourcesBuildPhase section */
		175718792503B1DA00EF1241 /* Sources */ = {
			isa = PBXSourcesBuildPhase;
			buildActionMask = 2147483647;
			files = (
				175718A02503B31100EF1241 /* StyleGuideCard.swift in Sources */,
				175718A52503B31100EF1241 /* StyleGuideView.swift in Sources */,
				175718812503B1DA00EF1241 /* AppDelegate.swift in Sources */,
				175718A32503B31100EF1241 /* StyleGuideShadows.swift in Sources */,
				175718A22503B31100EF1241 /* StyleGuideToggle.swift in Sources */,
				175718832503B1DA00EF1241 /* SceneDelegate.swift in Sources */,
				175718852503B1DA00EF1241 /* ContentView.swift in Sources */,
				175718A42503B31100EF1241 /* StyleGuideColors.swift in Sources */,
				175718A12503B31100EF1241 /* StyleGuideButtons.swift in Sources */,
				1757189F2503B31100EF1241 /* StyleGuideTypography.swift in Sources */,
			);
			runOnlyForDeploymentPostprocessing = 0;
		};
/* End PBXSourcesBuildPhase section */

/* Begin PBXVariantGroup section */
		1757188B2503B1DA00EF1241 /* LaunchScreen.storyboard */ = {
			isa = PBXVariantGroup;
			children = (
				1757188C2503B1DA00EF1241 /* Base */,
			);
			name = LaunchScreen.storyboard;
			sourceTree = "<group>";
		};
/* End PBXVariantGroup section */

/* Begin XCBuildConfiguration section */
		1757188F2503B1DA00EF1241 /* Debug */ = {
			isa = XCBuildConfiguration;
			buildSettings = {
				ALWAYS_SEARCH_USER_PATHS = NO;
				CLANG_ANALYZER_NONNULL = YES;
				CLANG_ANALYZER_NUMBER_OBJECT_CONVERSION = YES_AGGRESSIVE;
				CLANG_CXX_LANGUAGE_STANDARD = "gnu++14";
				CLANG_CXX_LIBRARY = "libc++";
				CLANG_ENABLE_MODULES = YES;
				CLANG_ENABLE_OBJC_ARC = YES;
				CLANG_ENABLE_OBJC_WEAK = YES;
				CLANG_WARN_BLOCK_CAPTURE_AUTORELEASING = YES;
				CLANG_WARN_BOOL_CONVERSION = YES;
				CLANG_WARN_COMMA = YES;
				CLANG_WARN_CONSTANT_CONVERSION = YES;
				CLANG_WARN_DEPRECATED_OBJC_IMPLEMENTATIONS = YES;
				CLANG_WARN_DIRECT_OBJC_ISA_USAGE = YES_ERROR;
				CLANG_WARN_DOCUMENTATION_COMMENTS = YES;
				CLANG_WARN_EMPTY_BODY = YES;
				CLANG_WARN_ENUM_CONVERSION = YES;
				CLANG_WARN_INFINITE_RECURSION = YES;
				CLANG_WARN_INT_CONVERSION = YES;
				CLANG_WARN_NON_LITERAL_NULL_CONVERSION = YES;
				CLANG_WARN_OBJC_IMPLICIT_RETAIN_SELF = YES;
				CLANG_WARN_OBJC_LITERAL_CONVERSION = YES;
				CLANG_WARN_OBJC_ROOT_CLASS = YES_ERROR;
				CLANG_WARN_RANGE_LOOP_ANALYSIS = YES;
				CLANG_WARN_STRICT_PROTOTYPES = YES;
				CLANG_WARN_SUSPICIOUS_MOVE = YES;
				CLANG_WARN_UNGUARDED_AVAILABILITY = YES_AGGRESSIVE;
				CLANG_WARN_UNREACHABLE_CODE = YES;
				CLANG_WARN__DUPLICATE_METHOD_MATCH = YES;
				COPY_PHASE_STRIP = NO;
				DEBUG_INFORMATION_FORMAT = dwarf;
				ENABLE_STRICT_OBJC_MSGSEND = YES;
				ENABLE_TESTABILITY = YES;
				GCC_C_LANGUAGE_STANDARD = gnu11;
				GCC_DYNAMIC_NO_PIC = NO;
				GCC_NO_COMMON_BLOCKS = YES;
				GCC_OPTIMIZATION_LEVEL = 0;
				GCC_PREPROCESSOR_DEFINITIONS = (
					"DEBUG=1",
					"$(inherited)",
				);
				GCC_WARN_64_TO_32_BIT_CONVERSION = YES;
				GCC_WARN_ABOUT_RETURN_TYPE = YES_ERROR;
				GCC_WARN_UNDECLARED_SELECTOR = YES;
				GCC_WARN_UNINITIALIZED_AUTOS = YES_AGGRESSIVE;
				GCC_WARN_UNUSED_FUNCTION = YES;
				GCC_WARN_UNUSED_VARIABLE = YES;
				IPHONEOS_DEPLOYMENT_TARGET = 13.6;
				MTL_ENABLE_DEBUG_INFO = INCLUDE_SOURCE;
				MTL_FAST_MATH = YES;
				ONLY_ACTIVE_ARCH = YES;
				SDKROOT = iphoneos;
				SWIFT_ACTIVE_COMPILATION_CONDITIONS = DEBUG;
				SWIFT_OPTIMIZATION_LEVEL = "-Onone";
			};
			name = Debug;
		};
		175718902503B1DA00EF1241 /* Release */ = {
			isa = XCBuildConfiguration;
			buildSettings = {
				ALWAYS_SEARCH_USER_PATHS = NO;
				CLANG_ANALYZER_NONNULL = YES;
				CLANG_ANALYZER_NUMBER_OBJECT_CONVERSION = YES_AGGRESSIVE;
				CLANG_CXX_LANGUAGE_STANDARD = "gnu++14";
				CLANG_CXX_LIBRARY = "libc++";
				CLANG_ENABLE_MODULES = YES;
				CLANG_ENABLE_OBJC_ARC = YES;
				CLANG_ENABLE_OBJC_WEAK = YES;
				CLANG_WARN_BLOCK_CAPTURE_AUTORELEASING = YES;
				CLANG_WARN_BOOL_CONVERSION = YES;
				CLANG_WARN_COMMA = YES;
				CLANG_WARN_CONSTANT_CONVERSION = YES;
				CLANG_WARN_DEPRECATED_OBJC_IMPLEMENTATIONS = YES;
				CLANG_WARN_DIRECT_OBJC_ISA_USAGE = YES_ERROR;
				CLANG_WARN_DOCUMENTATION_COMMENTS = YES;
				CLANG_WARN_EMPTY_BODY = YES;
				CLANG_WARN_ENUM_CONVERSION = YES;
				CLANG_WARN_INFINITE_RECURSION = YES;
				CLANG_WARN_INT_CONVERSION = YES;
				CLANG_WARN_NON_LITERAL_NULL_CONVERSION = YES;
				CLANG_WARN_OBJC_IMPLICIT_RETAIN_SELF = YES;
				CLANG_WARN_OBJC_LITERAL_CONVERSION = YES;
				CLANG_WARN_OBJC_ROOT_CLASS = YES_ERROR;
				CLANG_WARN_RANGE_LOOP_ANALYSIS = YES;
				CLANG_WARN_STRICT_PROTOTYPES = YES;
				CLANG_WARN_SUSPICIOUS_MOVE = YES;
				CLANG_WARN_UNGUARDED_AVAILABILITY = YES_AGGRESSIVE;
				CLANG_WARN_UNREACHABLE_CODE = YES;
				CLANG_WARN__DUPLICATE_METHOD_MATCH = YES;
				COPY_PHASE_STRIP = NO;
				DEBUG_INFORMATION_FORMAT = "dwarf-with-dsym";
				ENABLE_NS_ASSERTIONS = NO;
				ENABLE_STRICT_OBJC_MSGSEND = YES;
				GCC_C_LANGUAGE_STANDARD = gnu11;
				GCC_NO_COMMON_BLOCKS = YES;
				GCC_WARN_64_TO_32_BIT_CONVERSION = YES;
				GCC_WARN_ABOUT_RETURN_TYPE = YES_ERROR;
				GCC_WARN_UNDECLARED_SELECTOR = YES;
				GCC_WARN_UNINITIALIZED_AUTOS = YES_AGGRESSIVE;
				GCC_WARN_UNUSED_FUNCTION = YES;
				GCC_WARN_UNUSED_VARIABLE = YES;
				IPHONEOS_DEPLOYMENT_TARGET = 13.6;
				MTL_ENABLE_DEBUG_INFO = NO;
				MTL_FAST_MATH = YES;
				SDKROOT = iphoneos;
				SWIFT_COMPILATION_MODE = wholemodule;
				SWIFT_OPTIMIZATION_LEVEL = "-O";
				VALIDATE_PRODUCT = YES;
			};
			name = Release;
		};
		175718922503B1DA00EF1241 /* Debug */ = {
			isa = XCBuildConfiguration;
			buildSettings = {
				ASSETCATALOG_COMPILER_APPICON_NAME = AppIcon;
				CODE_SIGN_STYLE = Automatic;
				DEVELOPMENT_ASSET_PATHS = "\"SoundDesignProject/Preview Content\"";
				DEVELOPMENT_TEAM = 2ZB33FC454;
				ENABLE_PREVIEWS = YES;
				INFOPLIST_FILE = SoundDesignProject/Info.plist;
				LD_RUNPATH_SEARCH_PATHS = (
					"$(inherited)",
					"@executable_path/Frameworks",
				);
				PRODUCT_BUNDLE_IDENTIFIER = com.praterkarin.SoundDesignProject;
				PRODUCT_NAME = "$(TARGET_NAME)";
				SWIFT_VERSION = 5.0;
				TARGETED_DEVICE_FAMILY = "1,2";
			};
			name = Debug;
		};
		175718932503B1DA00EF1241 /* Release */ = {
			isa = XCBuildConfiguration;
			buildSettings = {
				ASSETCATALOG_COMPILER_APPICON_NAME = AppIcon;
				CODE_SIGN_STYLE = Automatic;
				DEVELOPMENT_ASSET_PATHS = "\"SoundDesignProject/Preview Content\"";
				DEVELOPMENT_TEAM = 2ZB33FC454;
				ENABLE_PREVIEWS = YES;
				INFOPLIST_FILE = SoundDesignProject/Info.plist;
				LD_RUNPATH_SEARCH_PATHS = (
					"$(inherited)",
					"@executable_path/Frameworks",
				);
				PRODUCT_BUNDLE_IDENTIFIER = com.praterkarin.SoundDesignProject;
				PRODUCT_NAME = "$(TARGET_NAME)";
				SWIFT_VERSION = 5.0;
				TARGETED_DEVICE_FAMILY = "1,2";
			};
			name = Release;
		};
/* End XCBuildConfiguration section */

/* Begin XCConfigurationList section */
		175718782503B1DA00EF1241 /* Build configuration list for PBXProject "SoundDesignProject" */ = {
			isa = XCConfigurationList;
			buildConfigurations = (
				1757188F2503B1DA00EF1241 /* Debug */,
				175718902503B1DA00EF1241 /* Release */,
			);
			defaultConfigurationIsVisible = 0;
			defaultConfigurationName = Release;
		};
		175718912503B1DA00EF1241 /* Build configuration list for PBXNativeTarget "SoundDesignProject" */ = {
			isa = XCConfigurationList;
			buildConfigurations = (
				175718922503B1DA00EF1241 /* Debug */,
				175718932503B1DA00EF1241 /* Release */,
			);
			defaultConfigurationIsVisible = 0;
			defaultConfigurationName = Release;
		};
/* End XCConfigurationList section */
	};
	rootObject = 175718752503B1DA00EF1241 /* Project object */;
}
